// !$*UTF8*$!
{
	archiveVersion = 1;
	classes = {
	};
	objectVersion = 55;
	objects = {

/* Begin PBXBuildFile section */
		0756EAC04B162A4CE3E09F58 /* Pods_calculatorTests.framework in Frameworks */ = {isa = PBXBuildFile; fileRef = A77DEEB2051879852C410AFF /* Pods_calculatorTests.framework */; };
		1C0B3CE71C02AFD6F3682BC9 /* Pods_calculator.framework in Frameworks */ = {isa = PBXBuildFile; fileRef = 8E84C1947DC611A6C020FF6F /* Pods_calculator.framework */; };
		7333F1922903E4DF00B34A03 /* ColorExtension.swift in Sources */ = {isa = PBXBuildFile; fileRef = 7333F1912903E4DF00B34A03 /* ColorExtension.swift */; };
		73C5131628F44ABD004D9181 /* AppDelegate.swift in Sources */ = {isa = PBXBuildFile; fileRef = 73C5131528F44ABD004D9181 /* AppDelegate.swift */; };
		73C5131828F44ABD004D9181 /* SceneDelegate.swift in Sources */ = {isa = PBXBuildFile; fileRef = 73C5131728F44ABD004D9181 /* SceneDelegate.swift */; };
		73C5131A28F44ABD004D9181 /* ViewController.swift in Sources */ = {isa = PBXBuildFile; fileRef = 73C5131928F44ABD004D9181 /* ViewController.swift */; };
		73C5131D28F44ABD004D9181 /* Main.storyboard in Resources */ = {isa = PBXBuildFile; fileRef = 73C5131B28F44ABD004D9181 /* Main.storyboard */; };
		73C5131F28F44ABF004D9181 /* Assets.xcassets in Resources */ = {isa = PBXBuildFile; fileRef = 73C5131E28F44ABF004D9181 /* Assets.xcassets */; };
		73C5132228F44ABF004D9181 /* LaunchScreen.storyboard in Resources */ = {isa = PBXBuildFile; fileRef = 73C5132028F44ABF004D9181 /* LaunchScreen.storyboard */; };
		73C5132D28F44AC0004D9181 /* calculatorTests.swift in Sources */ = {isa = PBXBuildFile; fileRef = 73C5132C28F44AC0004D9181 /* calculatorTests.swift */; };
		73C5133728F44AC0004D9181 /* calculatorUITests.swift in Sources */ = {isa = PBXBuildFile; fileRef = 73C5133628F44AC0004D9181 /* calculatorUITests.swift */; };
		73C5133928F44AC0004D9181 /* calculatorUITestsLaunchTests.swift in Sources */ = {isa = PBXBuildFile; fileRef = 73C5133828F44AC0004D9181 /* calculatorUITestsLaunchTests.swift */; };
		73C5134628F44DA5004D9181 /* ViewModel.swift in Sources */ = {isa = PBXBuildFile; fileRef = 73C5134528F44DA5004D9181 /* ViewModel.swift */; };
		73C5134928F5B0CF004D9181 /* CalculatorModel.swift in Sources */ = {isa = PBXBuildFile; fileRef = 73C5134828F5B0CF004D9181 /* CalculatorModel.swift */; };
		7AB9F91D470C78DD49DEAA4B /* Pods_calculator_calculatorUITests.framework in Frameworks */ = {isa = PBXBuildFile; fileRef = BECD17F81E4F727595476B31 /* Pods_calculator_calculatorUITests.framework */; };
/* End PBXBuildFile section */

/* Begin PBXContainerItemProxy section */
		73C5132928F44AC0004D9181 /* PBXContainerItemProxy */ = {
			isa = PBXContainerItemProxy;
			containerPortal = 73C5130A28F44ABD004D9181 /* Project object */;
			proxyType = 1;
			remoteGlobalIDString = 73C5131128F44ABD004D9181;
			remoteInfo = calculator;
		};
		73C5133328F44AC0004D9181 /* PBXContainerItemProxy */ = {
			isa = PBXContainerItemProxy;
			containerPortal = 73C5130A28F44ABD004D9181 /* Project object */;
			proxyType = 1;
			remoteGlobalIDString = 73C5131128F44ABD004D9181;
			remoteInfo = calculator;
		};
/* End PBXContainerItemProxy section */

/* Begin PBXFileReference section */
		0B6D5372639A49077D4CC996 /* Pods-calculator.release.xcconfig */ = {isa = PBXFileReference; includeInIndex = 1; lastKnownFileType = text.xcconfig; name = "Pods-calculator.release.xcconfig"; path = "Target Support Files/Pods-calculator/Pods-calculator.release.xcconfig"; sourceTree = "<group>"; };
		41315239D80CB95F8D29D406 /* Pods-calculator-calculatorUITests.release.xcconfig */ = {isa = PBXFileReference; includeInIndex = 1; lastKnownFileType = text.xcconfig; name = "Pods-calculator-calculatorUITests.release.xcconfig"; path = "Target Support Files/Pods-calculator-calculatorUITests/Pods-calculator-calculatorUITests.release.xcconfig"; sourceTree = "<group>"; };
		5A55664D4E130E18CD09EFAB /* Pods-calculatorTests.release.xcconfig */ = {isa = PBXFileReference; includeInIndex = 1; lastKnownFileType = text.xcconfig; name = "Pods-calculatorTests.release.xcconfig"; path = "Target Support Files/Pods-calculatorTests/Pods-calculatorTests.release.xcconfig"; sourceTree = "<group>"; };
		7333F1912903E4DF00B34A03 /* ColorExtension.swift */ = {isa = PBXFileReference; lastKnownFileType = sourcecode.swift; path = ColorExtension.swift; sourceTree = "<group>"; };
		73C5131228F44ABD004D9181 /* calculator.app */ = {isa = PBXFileReference; explicitFileType = wrapper.application; includeInIndex = 0; path = calculator.app; sourceTree = BUILT_PRODUCTS_DIR; };
		73C5131528F44ABD004D9181 /* AppDelegate.swift */ = {isa = PBXFileReference; lastKnownFileType = sourcecode.swift; path = AppDelegate.swift; sourceTree = "<group>"; };
		73C5131728F44ABD004D9181 /* SceneDelegate.swift */ = {isa = PBXFileReference; lastKnownFileType = sourcecode.swift; path = SceneDelegate.swift; sourceTree = "<group>"; };
		73C5131928F44ABD004D9181 /* ViewController.swift */ = {isa = PBXFileReference; lastKnownFileType = sourcecode.swift; path = ViewController.swift; sourceTree = "<group>"; };
		73C5131C28F44ABD004D9181 /* Base */ = {isa = PBXFileReference; lastKnownFileType = file.storyboard; name = Base; path = Base.lproj/Main.storyboard; sourceTree = "<group>"; };
		73C5131E28F44ABF004D9181 /* Assets.xcassets */ = {isa = PBXFileReference; lastKnownFileType = folder.assetcatalog; path = Assets.xcassets; sourceTree = "<group>"; };
		73C5132128F44ABF004D9181 /* Base */ = {isa = PBXFileReference; lastKnownFileType = file.storyboard; name = Base; path = Base.lproj/LaunchScreen.storyboard; sourceTree = "<group>"; };
		73C5132328F44ABF004D9181 /* Info.plist */ = {isa = PBXFileReference; lastKnownFileType = text.plist.xml; path = Info.plist; sourceTree = "<group>"; };
		73C5132828F44AC0004D9181 /* calculatorTests.xctest */ = {isa = PBXFileReference; explicitFileType = wrapper.cfbundle; includeInIndex = 0; path = calculatorTests.xctest; sourceTree = BUILT_PRODUCTS_DIR; };
		73C5132C28F44AC0004D9181 /* calculatorTests.swift */ = {isa = PBXFileReference; lastKnownFileType = sourcecode.swift; path = calculatorTests.swift; sourceTree = "<group>"; };
		73C5133228F44AC0004D9181 /* calculatorUITests.xctest */ = {isa = PBXFileReference; explicitFileType = wrapper.cfbundle; includeInIndex = 0; path = calculatorUITests.xctest; sourceTree = BUILT_PRODUCTS_DIR; };
		73C5133628F44AC0004D9181 /* calculatorUITests.swift */ = {isa = PBXFileReference; lastKnownFileType = sourcecode.swift; path = calculatorUITests.swift; sourceTree = "<group>"; };
		73C5133828F44AC0004D9181 /* calculatorUITestsLaunchTests.swift */ = {isa = PBXFileReference; lastKnownFileType = sourcecode.swift; path = calculatorUITestsLaunchTests.swift; sourceTree = "<group>"; };
		73C5134528F44DA5004D9181 /* ViewModel.swift */ = {isa = PBXFileReference; lastKnownFileType = sourcecode.swift; path = ViewModel.swift; sourceTree = "<group>"; };
		73C5134828F5B0CF004D9181 /* CalculatorModel.swift */ = {isa = PBXFileReference; lastKnownFileType = sourcecode.swift; path = CalculatorModel.swift; sourceTree = "<group>"; };
		8285C48D9EECBBDEEA586C76 /* Pods-calculatorTests.debug.xcconfig */ = {isa = PBXFileReference; includeInIndex = 1; lastKnownFileType = text.xcconfig; name = "Pods-calculatorTests.debug.xcconfig"; path = "Target Support Files/Pods-calculatorTests/Pods-calculatorTests.debug.xcconfig"; sourceTree = "<group>"; };
		8E84C1947DC611A6C020FF6F /* Pods_calculator.framework */ = {isa = PBXFileReference; explicitFileType = wrapper.framework; includeInIndex = 0; path = Pods_calculator.framework; sourceTree = BUILT_PRODUCTS_DIR; };
		A77DEEB2051879852C410AFF /* Pods_calculatorTests.framework */ = {isa = PBXFileReference; explicitFileType = wrapper.framework; includeInIndex = 0; path = Pods_calculatorTests.framework; sourceTree = BUILT_PRODUCTS_DIR; };
		BE49D075DC05C9C8E0E68B89 /* Pods-calculator.debug.xcconfig */ = {isa = PBXFileReference; includeInIndex = 1; lastKnownFileType = text.xcconfig; name = "Pods-calculator.debug.xcconfig"; path = "Target Support Files/Pods-calculator/Pods-calculator.debug.xcconfig"; sourceTree = "<group>"; };
		BECD17F81E4F727595476B31 /* Pods_calculator_calculatorUITests.framework */ = {isa = PBXFileReference; explicitFileType = wrapper.framework; includeInIndex = 0; path = Pods_calculator_calculatorUITests.framework; sourceTree = BUILT_PRODUCTS_DIR; };
		C2B9BD0E41AECEFD8693E16B /* Pods-calculator-calculatorUITests.debug.xcconfig */ = {isa = PBXFileReference; includeInIndex = 1; lastKnownFileType = text.xcconfig; name = "Pods-calculator-calculatorUITests.debug.xcconfig"; path = "Target Support Files/Pods-calculator-calculatorUITests/Pods-calculator-calculatorUITests.debug.xcconfig"; sourceTree = "<group>"; };
/* End PBXFileReference section */

/* Begin PBXFrameworksBuildPhase section */
		73C5130F28F44ABD004D9181 /* Frameworks */ = {
			isa = PBXFrameworksBuildPhase;
			buildActionMask = 2147483647;
			files = (
				1C0B3CE71C02AFD6F3682BC9 /* Pods_calculator.framework in Frameworks */,
			);
			runOnlyForDeploymentPostprocessing = 0;
		};
		73C5132528F44AC0004D9181 /* Frameworks */ = {
			isa = PBXFrameworksBuildPhase;
			buildActionMask = 2147483647;
			files = (
				0756EAC04B162A4CE3E09F58 /* Pods_calculatorTests.framework in Frameworks */,
			);
			runOnlyForDeploymentPostprocessing = 0;
		};
		73C5132F28F44AC0004D9181 /* Frameworks */ = {
			isa = PBXFrameworksBuildPhase;
			buildActionMask = 2147483647;
			files = (
				7AB9F91D470C78DD49DEAA4B /* Pods_calculator_calculatorUITests.framework in Frameworks */,
			);
			runOnlyForDeploymentPostprocessing = 0;
		};
/* End PBXFrameworksBuildPhase section */

/* Begin PBXGroup section */
		25FB46E9AC5AFB7D53FEA096 /* Pods */ = {
			isa = PBXGroup;
			children = (
				BE49D075DC05C9C8E0E68B89 /* Pods-calculator.debug.xcconfig */,
				0B6D5372639A49077D4CC996 /* Pods-calculator.release.xcconfig */,
				C2B9BD0E41AECEFD8693E16B /* Pods-calculator-calculatorUITests.debug.xcconfig */,
				41315239D80CB95F8D29D406 /* Pods-calculator-calculatorUITests.release.xcconfig */,
				8285C48D9EECBBDEEA586C76 /* Pods-calculatorTests.debug.xcconfig */,
				5A55664D4E130E18CD09EFAB /* Pods-calculatorTests.release.xcconfig */,
			);
			path = Pods;
			sourceTree = "<group>";
		};
		73C5130928F44ABD004D9181 = {
			isa = PBXGroup;
			children = (
				73C5131428F44ABD004D9181 /* calculator */,
				73C5132B28F44AC0004D9181 /* calculatorTests */,
				73C5133528F44AC0004D9181 /* calculatorUITests */,
				73C5131328F44ABD004D9181 /* Products */,
				25FB46E9AC5AFB7D53FEA096 /* Pods */,
				8E7FBCCC6C75C8A731DFF5C7 /* Frameworks */,
			);
			sourceTree = "<group>";
		};
		73C5131328F44ABD004D9181 /* Products */ = {
			isa = PBXGroup;
			children = (
				73C5131228F44ABD004D9181 /* calculator.app */,
				73C5132828F44AC0004D9181 /* calculatorTests.xctest */,
				73C5133228F44AC0004D9181 /* calculatorUITests.xctest */,
			);
			name = Products;
			sourceTree = "<group>";
		};
		73C5131428F44ABD004D9181 /* calculator */ = {
			isa = PBXGroup;
			children = (
				73C5131528F44ABD004D9181 /* AppDelegate.swift */,
				73C5131728F44ABD004D9181 /* SceneDelegate.swift */,
				73C5134828F5B0CF004D9181 /* CalculatorModel.swift */,
				73C5134528F44DA5004D9181 /* ViewModel.swift */,
				73C5131928F44ABD004D9181 /* ViewController.swift */,
				73C5131B28F44ABD004D9181 /* Main.storyboard */,
				73C5131E28F44ABF004D9181 /* Assets.xcassets */,
				73C5132028F44ABF004D9181 /* LaunchScreen.storyboard */,
				73C5132328F44ABF004D9181 /* Info.plist */,
				7333F1912903E4DF00B34A03 /* ColorExtension.swift */,
			);
			path = calculator;
			sourceTree = "<group>";
		};
		73C5132B28F44AC0004D9181 /* calculatorTests */ = {
			isa = PBXGroup;
			children = (
				73C5132C28F44AC0004D9181 /* calculatorTests.swift */,
			);
			path = calculatorTests;
			sourceTree = "<group>";
		};
		73C5133528F44AC0004D9181 /* calculatorUITests */ = {
			isa = PBXGroup;
			children = (
				73C5133628F44AC0004D9181 /* calculatorUITests.swift */,
				73C5133828F44AC0004D9181 /* calculatorUITestsLaunchTests.swift */,
			);
			path = calculatorUITests;
			sourceTree = "<group>";
		};
		8E7FBCCC6C75C8A731DFF5C7 /* Frameworks */ = {
			isa = PBXGroup;
			children = (
				8E84C1947DC611A6C020FF6F /* Pods_calculator.framework */,
				BECD17F81E4F727595476B31 /* Pods_calculator_calculatorUITests.framework */,
				A77DEEB2051879852C410AFF /* Pods_calculatorTests.framework */,
			);
			name = Frameworks;
			sourceTree = "<group>";
		};
/* End PBXGroup section */

/* Begin PBXNativeTarget section */
		73C5131128F44ABD004D9181 /* calculator */ = {
			isa = PBXNativeTarget;
			buildConfigurationList = 73C5133C28F44AC0004D9181 /* Build configuration list for PBXNativeTarget "calculator" */;
			buildPhases = (
				35F031483AA2E22949CD2DF7 /* [CP] Check Pods Manifest.lock */,
				73C5130E28F44ABD004D9181 /* Sources */,
				73C5130F28F44ABD004D9181 /* Frameworks */,
				73C5131028F44ABD004D9181 /* Resources */,
				5E12575D248952E10FC19609 /* [CP] Embed Pods Frameworks */,
			);
			buildRules = (
			);
			dependencies = (
			);
			name = calculator;
			productName = calculator;
			productReference = 73C5131228F44ABD004D9181 /* calculator.app */;
			productType = "com.apple.product-type.application";
		};
		73C5132728F44AC0004D9181 /* calculatorTests */ = {
			isa = PBXNativeTarget;
			buildConfigurationList = 73C5133F28F44AC0004D9181 /* Build configuration list for PBXNativeTarget "calculatorTests" */;
			buildPhases = (
				F559F3B817C45E5B7CBA7A2B /* [CP] Check Pods Manifest.lock */,
				73C5132428F44AC0004D9181 /* Sources */,
				73C5132528F44AC0004D9181 /* Frameworks */,
				73C5132628F44AC0004D9181 /* Resources */,
				A8907759DAAD141CE6595758 /* [CP] Embed Pods Frameworks */,
			);
			buildRules = (
			);
			dependencies = (
				73C5132A28F44AC0004D9181 /* PBXTargetDependency */,
			);
			name = calculatorTests;
			productName = calculatorTests;
			productReference = 73C5132828F44AC0004D9181 /* calculatorTests.xctest */;
			productType = "com.apple.product-type.bundle.unit-test";
		};
		73C5133128F44AC0004D9181 /* calculatorUITests */ = {
			isa = PBXNativeTarget;
			buildConfigurationList = 73C5134228F44AC0004D9181 /* Build configuration list for PBXNativeTarget "calculatorUITests" */;
			buildPhases = (
				3C7A52C6B4986B7C96C241CE /* [CP] Check Pods Manifest.lock */,
				73C5132E28F44AC0004D9181 /* Sources */,
				73C5132F28F44AC0004D9181 /* Frameworks */,
				73C5133028F44AC0004D9181 /* Resources */,
				E0A7B1E72E8BF3D775921A39 /* [CP] Embed Pods Frameworks */,
			);
			buildRules = (
			);
			dependencies = (
				73C5133428F44AC0004D9181 /* PBXTargetDependency */,
			);
			name = calculatorUITests;
			productName = calculatorUITests;
			productReference = 73C5133228F44AC0004D9181 /* calculatorUITests.xctest */;
			productType = "com.apple.product-type.bundle.ui-testing";
		};
/* End PBXNativeTarget section */

/* Begin PBXProject section */
		73C5130A28F44ABD004D9181 /* Project object */ = {
			isa = PBXProject;
			attributes = {
				BuildIndependentTargetsInParallel = 1;
				LastSwiftUpdateCheck = 1340;
				LastUpgradeCheck = 1340;
				TargetAttributes = {
					73C5131128F44ABD004D9181 = {
						CreatedOnToolsVersion = 13.4.1;
					};
					73C5132728F44AC0004D9181 = {
						CreatedOnToolsVersion = 13.4.1;
						TestTargetID = 73C5131128F44ABD004D9181;
					};
					73C5133128F44AC0004D9181 = {
						CreatedOnToolsVersion = 13.4.1;
						TestTargetID = 73C5131128F44ABD004D9181;
					};
				};
			};
			buildConfigurationList = 73C5130D28F44ABD004D9181 /* Build configuration list for PBXProject "calculator" */;
			compatibilityVersion = "Xcode 13.0";
			developmentRegion = en;
			hasScannedForEncodings = 0;
			knownRegions = (
				en,
				Base,
			);
			mainGroup = 73C5130928F44ABD004D9181;
			productRefGroup = 73C5131328F44ABD004D9181 /* Products */;
			projectDirPath = "";
			projectRoot = "";
			targets = (
				73C5131128F44ABD004D9181 /* calculator */,
				73C5132728F44AC0004D9181 /* calculatorTests */,
				73C5133128F44AC0004D9181 /* calculatorUITests */,
			);
		};
/* End PBXProject section */

/* Begin PBXResourcesBuildPhase section */
		73C5131028F44ABD004D9181 /* Resources */ = {
			isa = PBXResourcesBuildPhase;
			buildActionMask = 2147483647;
			files = (
				73C5132228F44ABF004D9181 /* LaunchScreen.storyboard in Resources */,
				73C5131F28F44ABF004D9181 /* Assets.xcassets in Resources */,
				73C5131D28F44ABD004D9181 /* Main.storyboard in Resources */,
			);
			runOnlyForDeploymentPostprocessing = 0;
		};
		73C5132628F44AC0004D9181 /* Resources */ = {
			isa = PBXResourcesBuildPhase;
			buildActionMask = 2147483647;
			files = (
			);
			runOnlyForDeploymentPostprocessing = 0;
		};
		73C5133028F44AC0004D9181 /* Resources */ = {
			isa = PBXResourcesBuildPhase;
			buildActionMask = 2147483647;
			files = (
			);
			runOnlyForDeploymentPostprocessing = 0;
		};
/* End PBXResourcesBuildPhase section */

/* Begin PBXShellScriptBuildPhase section */
		35F031483AA2E22949CD2DF7 /* [CP] Check Pods Manifest.lock */ = {
			isa = PBXShellScriptBuildPhase;
			buildActionMask = 2147483647;
			files = (
			);
			inputFileListPaths = (
			);
			inputPaths = (
				"${PODS_PODFILE_DIR_PATH}/Podfile.lock",
				"${PODS_ROOT}/Manifest.lock",
			);
			name = "[CP] Check Pods Manifest.lock";
			outputFileListPaths = (
			);
			outputPaths = (
				"$(DERIVED_FILE_DIR)/Pods-calculator-checkManifestLockResult.txt",
			);
			runOnlyForDeploymentPostprocessing = 0;
			shellPath = /bin/sh;
			shellScript = "diff \"${PODS_PODFILE_DIR_PATH}/Podfile.lock\" \"${PODS_ROOT}/Manifest.lock\" > /dev/null\nif [ $? != 0 ] ; then\n    # print error to STDERR\n    echo \"error: The sandbox is not in sync with the Podfile.lock. Run 'pod install' or update your CocoaPods installation.\" >&2\n    exit 1\nfi\n# This output is used by Xcode 'outputs' to avoid re-running this script phase.\necho \"SUCCESS\" > \"${SCRIPT_OUTPUT_FILE_0}\"\n";
			showEnvVarsInLog = 0;
		};
		3C7A52C6B4986B7C96C241CE /* [CP] Check Pods Manifest.lock */ = {
			isa = PBXShellScriptBuildPhase;
			buildActionMask = 2147483647;
			files = (
			);
			inputFileListPaths = (
			);
			inputPaths = (
				"${PODS_PODFILE_DIR_PATH}/Podfile.lock",
				"${PODS_ROOT}/Manifest.lock",
			);
			name = "[CP] Check Pods Manifest.lock";
			outputFileListPaths = (
			);
			outputPaths = (
				"$(DERIVED_FILE_DIR)/Pods-calculator-calculatorUITests-checkManifestLockResult.txt",
			);
			runOnlyForDeploymentPostprocessing = 0;
			shellPath = /bin/sh;
			shellScript = "diff \"${PODS_PODFILE_DIR_PATH}/Podfile.lock\" \"${PODS_ROOT}/Manifest.lock\" > /dev/null\nif [ $? != 0 ] ; then\n    # print error to STDERR\n    echo \"error: The sandbox is not in sync with the Podfile.lock. Run 'pod install' or update your CocoaPods installation.\" >&2\n    exit 1\nfi\n# This output is used by Xcode 'outputs' to avoid re-running this script phase.\necho \"SUCCESS\" > \"${SCRIPT_OUTPUT_FILE_0}\"\n";
			showEnvVarsInLog = 0;
		};
		5E12575D248952E10FC19609 /* [CP] Embed Pods Frameworks */ = {
			isa = PBXShellScriptBuildPhase;
			buildActionMask = 2147483647;
			files = (
			);
			inputFileListPaths = (
				"${PODS_ROOT}/Target Support Files/Pods-calculator/Pods-calculator-frameworks-${CONFIGURATION}-input-files.xcfilelist",
			);
			name = "[CP] Embed Pods Frameworks";
			outputFileListPaths = (
				"${PODS_ROOT}/Target Support Files/Pods-calculator/Pods-calculator-frameworks-${CONFIGURATION}-output-files.xcfilelist",
			);
			runOnlyForDeploymentPostprocessing = 0;
			shellPath = /bin/sh;
			shellScript = "\"${PODS_ROOT}/Target Support Files/Pods-calculator/Pods-calculator-frameworks.sh\"\n";
			showEnvVarsInLog = 0;
		};
		A8907759DAAD141CE6595758 /* [CP] Embed Pods Frameworks */ = {
			isa = PBXShellScriptBuildPhase;
			buildActionMask = 2147483647;
			files = (
			);
			inputFileListPaths = (
				"${PODS_ROOT}/Target Support Files/Pods-calculatorTests/Pods-calculatorTests-frameworks-${CONFIGURATION}-input-files.xcfilelist",
			);
			name = "[CP] Embed Pods Frameworks";
			outputFileListPaths = (
				"${PODS_ROOT}/Target Support Files/Pods-calculatorTests/Pods-calculatorTests-frameworks-${CONFIGURATION}-output-files.xcfilelist",
			);
			runOnlyForDeploymentPostprocessing = 0;
			shellPath = /bin/sh;
			shellScript = "\"${PODS_ROOT}/Target Support Files/Pods-calculatorTests/Pods-calculatorTests-frameworks.sh\"\n";
			showEnvVarsInLog = 0;
		};
		E0A7B1E72E8BF3D775921A39 /* [CP] Embed Pods Frameworks */ = {
			isa = PBXShellScriptBuildPhase;
			buildActionMask = 2147483647;
			files = (
			);
			inputFileListPaths = (
				"${PODS_ROOT}/Target Support Files/Pods-calculator-calculatorUITests/Pods-calculator-calculatorUITests-frameworks-${CONFIGURATION}-input-files.xcfilelist",
			);
			name = "[CP] Embed Pods Frameworks";
			outputFileListPaths = (
				"${PODS_ROOT}/Target Support Files/Pods-calculator-calculatorUITests/Pods-calculator-calculatorUITests-frameworks-${CONFIGURATION}-output-files.xcfilelist",
			);
			runOnlyForDeploymentPostprocessing = 0;
			shellPath = /bin/sh;
			shellScript = "\"${PODS_ROOT}/Target Support Files/Pods-calculator-calculatorUITests/Pods-calculator-calculatorUITests-frameworks.sh\"\n";
			showEnvVarsInLog = 0;
		};
		F559F3B817C45E5B7CBA7A2B /* [CP] Check Pods Manifest.lock */ = {
			isa = PBXShellScriptBuildPhase;
			buildActionMask = 2147483647;
			files = (
			);
			inputFileListPaths = (
			);
			inputPaths = (
				"${PODS_PODFILE_DIR_PATH}/Podfile.lock",
				"${PODS_ROOT}/Manifest.lock",
			);
			name = "[CP] Check Pods Manifest.lock";
			outputFileListPaths = (
			);
			outputPaths = (
				"$(DERIVED_FILE_DIR)/Pods-calculatorTests-checkManifestLockResult.txt",
			);
			runOnlyForDeploymentPostprocessing = 0;
			shellPath = /bin/sh;
			shellScript = "diff \"${PODS_PODFILE_DIR_PATH}/Podfile.lock\" \"${PODS_ROOT}/Manifest.lock\" > /dev/null\nif [ $? != 0 ] ; then\n    # print error to STDERR\n    echo \"error: The sandbox is not in sync with the Podfile.lock. Run 'pod install' or update your CocoaPods installation.\" >&2\n    exit 1\nfi\n# This output is used by Xcode 'outputs' to avoid re-running this script phase.\necho \"SUCCESS\" > \"${SCRIPT_OUTPUT_FILE_0}\"\n";
			showEnvVarsInLog = 0;
		};
/* End PBXShellScriptBuildPhase section */

/* Begin PBXSourcesBuildPhase section */
		73C5130E28F44ABD004D9181 /* Sources */ = {
			isa = PBXSourcesBuildPhase;
			buildActionMask = 2147483647;
			files = (
				73C5134928F5B0CF004D9181 /* CalculatorModel.swift in Sources */,
				73C5131A28F44ABD004D9181 /* ViewController.swift in Sources */,
				73C5131628F44ABD004D9181 /* AppDelegate.swift in Sources */,
				7333F1922903E4DF00B34A03 /* ColorExtension.swift in Sources */,
				73C5134628F44DA5004D9181 /* ViewModel.swift in Sources */,
				73C5131828F44ABD004D9181 /* SceneDelegate.swift in Sources */,
			);
			runOnlyForDeploymentPostprocessing = 0;
		};
		73C5132428F44AC0004D9181 /* Sources */ = {
			isa = PBXSourcesBuildPhase;
			buildActionMask = 2147483647;
			files = (
				73C5132D28F44AC0004D9181 /* calculatorTests.swift in Sources */,
			);
			runOnlyForDeploymentPostprocessing = 0;
		};
		73C5132E28F44AC0004D9181 /* Sources */ = {
			isa = PBXSourcesBuildPhase;
			buildActionMask = 2147483647;
			files = (
				73C5133928F44AC0004D9181 /* calculatorUITestsLaunchTests.swift in Sources */,
				73C5133728F44AC0004D9181 /* calculatorUITests.swift in Sources */,
			);
			runOnlyForDeploymentPostprocessing = 0;
		};
/* End PBXSourcesBuildPhase section */

/* Begin PBXTargetDependency section */
		73C5132A28F44AC0004D9181 /* PBXTargetDependency */ = {
			isa = PBXTargetDependency;
			target = 73C5131128F44ABD004D9181 /* calculator */;
			targetProxy = 73C5132928F44AC0004D9181 /* PBXContainerItemProxy */;
		};
		73C5133428F44AC0004D9181 /* PBXTargetDependency */ = {
			isa = PBXTargetDependency;
			target = 73C5131128F44ABD004D9181 /* calculator */;
			targetProxy = 73C5133328F44AC0004D9181 /* PBXContainerItemProxy */;
		};
/* End PBXTargetDependency section */

/* Begin PBXVariantGroup section */
		73C5131B28F44ABD004D9181 /* Main.storyboard */ = {
			isa = PBXVariantGroup;
			children = (
				73C5131C28F44ABD004D9181 /* Base */,
			);
			name = Main.storyboard;
			sourceTree = "<group>";
		};
		73C5132028F44ABF004D9181 /* LaunchScreen.storyboard */ = {
			isa = PBXVariantGroup;
			children = (
				73C5132128F44ABF004D9181 /* Base */,
			);
			name = LaunchScreen.storyboard;
			sourceTree = "<group>";
		};
/* End PBXVariantGroup section */

/* Begin XCBuildConfiguration section */
		73C5133A28F44AC0004D9181 /* Debug */ = {
			isa = XCBuildConfiguration;
			buildSettings = {
				ALWAYS_SEARCH_USER_PATHS = NO;
				CLANG_ANALYZER_NONNULL = YES;
				CLANG_ANALYZER_NUMBER_OBJECT_CONVERSION = YES_AGGRESSIVE;
				CLANG_CXX_LANGUAGE_STANDARD = "gnu++17";
				CLANG_ENABLE_MODULES = YES;
				CLANG_ENABLE_OBJC_ARC = YES;
				CLANG_ENABLE_OBJC_WEAK = YES;
				CLANG_WARN_BLOCK_CAPTURE_AUTORELEASING = YES;
				CLANG_WARN_BOOL_CONVERSION = YES;
				CLANG_WARN_COMMA = YES;
				CLANG_WARN_CONSTANT_CONVERSION = YES;
				CLANG_WARN_DEPRECATED_OBJC_IMPLEMENTATIONS = YES;
				CLANG_WARN_DIRECT_OBJC_ISA_USAGE = YES_ERROR;
				CLANG_WARN_DOCUMENTATION_COMMENTS = YES;
				CLANG_WARN_EMPTY_BODY = YES;
				CLANG_WARN_ENUM_CONVERSION = YES;
				CLANG_WARN_INFINITE_RECURSION = YES;
				CLANG_WARN_INT_CONVERSION = YES;
				CLANG_WARN_NON_LITERAL_NULL_CONVERSION = YES;
				CLANG_WARN_OBJC_IMPLICIT_RETAIN_SELF = YES;
				CLANG_WARN_OBJC_LITERAL_CONVERSION = YES;
				CLANG_WARN_OBJC_ROOT_CLASS = YES_ERROR;
				CLANG_WARN_QUOTED_INCLUDE_IN_FRAMEWORK_HEADER = YES;
				CLANG_WARN_RANGE_LOOP_ANALYSIS = YES;
				CLANG_WARN_STRICT_PROTOTYPES = YES;
				CLANG_WARN_SUSPICIOUS_MOVE = YES;
				CLANG_WARN_UNGUARDED_AVAILABILITY = YES_AGGRESSIVE;
				CLANG_WARN_UNREACHABLE_CODE = YES;
				CLANG_WARN__DUPLICATE_METHOD_MATCH = YES;
				COPY_PHASE_STRIP = NO;
				DEBUG_INFORMATION_FORMAT = dwarf;
				ENABLE_STRICT_OBJC_MSGSEND = YES;
				ENABLE_TESTABILITY = YES;
				GCC_C_LANGUAGE_STANDARD = gnu11;
				GCC_DYNAMIC_NO_PIC = NO;
				GCC_NO_COMMON_BLOCKS = YES;
				GCC_OPTIMIZATION_LEVEL = 0;
				GCC_PREPROCESSOR_DEFINITIONS = (
					"DEBUG=1",
					"$(inherited)",
				);
				GCC_WARN_64_TO_32_BIT_CONVERSION = YES;
				GCC_WARN_ABOUT_RETURN_TYPE = YES_ERROR;
				GCC_WARN_UNDECLARED_SELECTOR = YES;
				GCC_WARN_UNINITIALIZED_AUTOS = YES_AGGRESSIVE;
				GCC_WARN_UNUSED_FUNCTION = YES;
				GCC_WARN_UNUSED_VARIABLE = YES;
				IPHONEOS_DEPLOYMENT_TARGET = 15.5;
				MTL_ENABLE_DEBUG_INFO = INCLUDE_SOURCE;
				MTL_FAST_MATH = YES;
				ONLY_ACTIVE_ARCH = YES;
				SDKROOT = iphoneos;
				SWIFT_ACTIVE_COMPILATION_CONDITIONS = DEBUG;
				SWIFT_OPTIMIZATION_LEVEL = "-Onone";
			};
			name = Debug;
		};
		73C5133B28F44AC0004D9181 /* Release */ = {
			isa = XCBuildConfiguration;
			buildSettings = {
				ALWAYS_SEARCH_USER_PATHS = NO;
				CLANG_ANALYZER_NONNULL = YES;
				CLANG_ANALYZER_NUMBER_OBJECT_CONVERSION = YES_AGGRESSIVE;
				CLANG_CXX_LANGUAGE_STANDARD = "gnu++17";
				CLANG_ENABLE_MODULES = YES;
				CLANG_ENABLE_OBJC_ARC = YES;
				CLANG_ENABLE_OBJC_WEAK = YES;
				CLANG_WARN_BLOCK_CAPTURE_AUTORELEASING = YES;
				CLANG_WARN_BOOL_CONVERSION = YES;
				CLANG_WARN_COMMA = YES;
				CLANG_WARN_CONSTANT_CONVERSION = YES;
				CLANG_WARN_DEPRECATED_OBJC_IMPLEMENTATIONS = YES;
				CLANG_WARN_DIRECT_OBJC_ISA_USAGE = YES_ERROR;
				CLANG_WARN_DOCUMENTATION_COMMENTS = YES;
				CLANG_WARN_EMPTY_BODY = YES;
				CLANG_WARN_ENUM_CONVERSION = YES;
				CLANG_WARN_INFINITE_RECURSION = YES;
				CLANG_WARN_INT_CONVERSION = YES;
				CLANG_WARN_NON_LITERAL_NULL_CONVERSION = YES;
				CLANG_WARN_OBJC_IMPLICIT_RETAIN_SELF = YES;
				CLANG_WARN_OBJC_LITERAL_CONVERSION = YES;
				CLANG_WARN_OBJC_ROOT_CLASS = YES_ERROR;
				CLANG_WARN_QUOTED_INCLUDE_IN_FRAMEWORK_HEADER = YES;
				CLANG_WARN_RANGE_LOOP_ANALYSIS = YES;
				CLANG_WARN_STRICT_PROTOTYPES = YES;
				CLANG_WARN_SUSPICIOUS_MOVE = YES;
				CLANG_WARN_UNGUARDED_AVAILABILITY = YES_AGGRESSIVE;
				CLANG_WARN_UNREACHABLE_CODE = YES;
				CLANG_WARN__DUPLICATE_METHOD_MATCH = YES;
				COPY_PHASE_STRIP = NO;
				DEBUG_INFORMATION_FORMAT = "dwarf-with-dsym";
				ENABLE_NS_ASSERTIONS = NO;
				ENABLE_STRICT_OBJC_MSGSEND = YES;
				GCC_C_LANGUAGE_STANDARD = gnu11;
				GCC_NO_COMMON_BLOCKS = YES;
				GCC_WARN_64_TO_32_BIT_CONVERSION = YES;
				GCC_WARN_ABOUT_RETURN_TYPE = YES_ERROR;
				GCC_WARN_UNDECLARED_SELECTOR = YES;
				GCC_WARN_UNINITIALIZED_AUTOS = YES_AGGRESSIVE;
				GCC_WARN_UNUSED_FUNCTION = YES;
				GCC_WARN_UNUSED_VARIABLE = YES;
				IPHONEOS_DEPLOYMENT_TARGET = 15.5;
				MTL_ENABLE_DEBUG_INFO = NO;
				MTL_FAST_MATH = YES;
				SDKROOT = iphoneos;
				SWIFT_COMPILATION_MODE = wholemodule;
				SWIFT_OPTIMIZATION_LEVEL = "-O";
				VALIDATE_PRODUCT = YES;
			};
			name = Release;
		};
		73C5133D28F44AC0004D9181 /* Debug */ = {
			isa = XCBuildConfiguration;
			baseConfigurationReference = BE49D075DC05C9C8E0E68B89 /* Pods-calculator.debug.xcconfig */;
			buildSettings = {
				ASSETCATALOG_COMPILER_APPICON_NAME = AppIcon;
				ASSETCATALOG_COMPILER_GLOBAL_ACCENT_COLOR_NAME = AccentColor;
				CODE_SIGN_STYLE = Automatic;
				CURRENT_PROJECT_VERSION = 1;
				DEVELOPMENT_TEAM = G9JXCB7X2L;
				GENERATE_INFOPLIST_FILE = YES;
				INFOPLIST_FILE = calculator/Info.plist;
				INFOPLIST_KEY_UIApplicationSupportsIndirectInputEvents = YES;
				INFOPLIST_KEY_UILaunchStoryboardName = LaunchScreen;
				INFOPLIST_KEY_UIMainStoryboardFile = Main;
				INFOPLIST_KEY_UISupportedInterfaceOrientations_iPad = "UIInterfaceOrientationPortrait UIInterfaceOrientationPortraitUpsideDown UIInterfaceOrientationLandscapeLeft UIInterfaceOrientationLandscapeRight";
				INFOPLIST_KEY_UISupportedInterfaceOrientations_iPhone = "UIInterfaceOrientationPortrait UIInterfaceOrientationLandscapeLeft UIInterfaceOrientationLandscapeRight";
				LD_RUNPATH_SEARCH_PATHS = (
					"$(inherited)",
					"@executable_path/Frameworks",
				);
				MARKETING_VERSION = 1.0;
				PRODUCT_BUNDLE_IDENTIFIER = com.KigyoClub.calculator;
				PRODUCT_NAME = "$(TARGET_NAME)";
				SWIFT_EMIT_LOC_STRINGS = YES;
				SWIFT_VERSION = 5.0;
				TARGETED_DEVICE_FAMILY = "1,2";
			};
			name = Debug;
		};
		73C5133E28F44AC0004D9181 /* Release */ = {
			isa = XCBuildConfiguration;
			baseConfigurationReference = 0B6D5372639A49077D4CC996 /* Pods-calculator.release.xcconfig */;
			buildSettings = {
				ASSETCATALOG_COMPILER_APPICON_NAME = AppIcon;
				ASSETCATALOG_COMPILER_GLOBAL_ACCENT_COLOR_NAME = AccentColor;
				CODE_SIGN_STYLE = Automatic;
				CURRENT_PROJECT_VERSION = 1;
				DEVELOPMENT_TEAM = G9JXCB7X2L;
				GENERATE_INFOPLIST_FILE = YES;
				INFOPLIST_FILE = calculator/Info.plist;
				INFOPLIST_KEY_UIApplicationSupportsIndirectInputEvents = YES;
				INFOPLIST_KEY_UILaunchStoryboardName = LaunchScreen;
				INFOPLIST_KEY_UIMainStoryboardFile = Main;
				INFOPLIST_KEY_UISupportedInterfaceOrientations_iPad = "UIInterfaceOrientationPortrait UIInterfaceOrientationPortraitUpsideDown UIInterfaceOrientationLandscapeLeft UIInterfaceOrientationLandscapeRight";
				INFOPLIST_KEY_UISupportedInterfaceOrientations_iPhone = "UIInterfaceOrientationPortrait UIInterfaceOrientationLandscapeLeft UIInterfaceOrientationLandscapeRight";
				LD_RUNPATH_SEARCH_PATHS = (
					"$(inherited)",
					"@executable_path/Frameworks",
				);
				MARKETING_VERSION = 1.0;
				PRODUCT_BUNDLE_IDENTIFIER = com.KigyoClub.calculator;
				PRODUCT_NAME = "$(TARGET_NAME)";
				SWIFT_EMIT_LOC_STRINGS = YES;
				SWIFT_VERSION = 5.0;
				TARGETED_DEVICE_FAMILY = "1,2";
			};
			name = Release;
		};
		73C5134028F44AC0004D9181 /* Debug */ = {
			isa = XCBuildConfiguration;
			baseConfigurationReference = 8285C48D9EECBBDEEA586C76 /* Pods-calculatorTests.debug.xcconfig */;
			buildSettings = {
				ALWAYS_EMBED_SWIFT_STANDARD_LIBRARIES = YES;
				BUNDLE_LOADER = "$(TEST_HOST)";
				CODE_SIGN_STYLE = Automatic;
				CURRENT_PROJECT_VERSION = 1;
				DEVELOPMENT_TEAM = G9JXCB7X2L;
				GENERATE_INFOPLIST_FILE = YES;
				IPHONEOS_DEPLOYMENT_TARGET = 15.5;
				MARKETING_VERSION = 1.0;
				PRODUCT_BUNDLE_IDENTIFIER = com.KigyoClub.calculatorTests;
				PRODUCT_NAME = "$(TARGET_NAME)";
				SWIFT_EMIT_LOC_STRINGS = NO;
				SWIFT_VERSION = 5.0;
				TARGETED_DEVICE_FAMILY = "1,2";
				TEST_HOST = "$(BUILT_PRODUCTS_DIR)/calculator.app/calculator";
			};
			name = Debug;
		};
		73C5134128F44AC0004D9181 /* Release */ = {
			isa = XCBuildConfiguration;
			baseConfigurationReference = 5A55664D4E130E18CD09EFAB /* Pods-calculatorTests.release.xcconfig */;
			buildSettings = {
				ALWAYS_EMBED_SWIFT_STANDARD_LIBRARIES = YES;
				BUNDLE_LOADER = "$(TEST_HOST)";
				CODE_SIGN_STYLE = Automatic;
				CURRENT_PROJECT_VERSION = 1;
				DEVELOPMENT_TEAM = G9JXCB7X2L;
				GENERATE_INFOPLIST_FILE = YES;
				IPHONEOS_DEPLOYMENT_TARGET = 15.5;
				MARKETING_VERSION = 1.0;
				PRODUCT_BUNDLE_IDENTIFIER = com.KigyoClub.calculatorTests;
				PRODUCT_NAME = "$(TARGET_NAME)";
				SWIFT_EMIT_LOC_STRINGS = NO;
				SWIFT_VERSION = 5.0;
				TARGETED_DEVICE_FAMILY = "1,2";
				TEST_HOST = "$(BUILT_PRODUCTS_DIR)/calculator.app/calculator";
			};
			name = Release;
		};
		73C5134328F44AC0004D9181 /* Debug */ = {
			isa = XCBuildConfiguration;
			baseConfigurationReference = C2B9BD0E41AECEFD8693E16B /* Pods-calculator-calculatorUITests.debug.xcconfig */;
			buildSettings = {
				ALWAYS_EMBED_SWIFT_STANDARD_LIBRARIES = YES;
				CODE_SIGN_STYLE = Automatic;
				CURRENT_PROJECT_VERSION = 1;
				DEVELOPMENT_TEAM = G9JXCB7X2L;
				GENERATE_INFOPLIST_FILE = YES;
				MARKETING_VERSION = 1.0;
				PRODUCT_BUNDLE_IDENTIFIER = com.KigyoClub.calculatorUITests;
				PRODUCT_NAME = "$(TARGET_NAME)";
				SWIFT_EMIT_LOC_STRINGS = NO;
				SWIFT_VERSION = 5.0;
				TARGETED_DEVICE_FAMILY = "1,2";
				TEST_TARGET_NAME = calculator;
			};
			name = Debug;
		};
		73C5134428F44AC0004D9181 /* Release */ = {
			isa = XCBuildConfiguration;
			baseConfigurationReference = 41315239D80CB95F8D29D406 /* Pods-calculator-calculatorUITests.release.xcconfig */;
			buildSettings = {
				ALWAYS_EMBED_SWIFT_STANDARD_LIBRARIES = YES;
				CODE_SIGN_STYLE = Automatic;
				CURRENT_PROJECT_VERSION = 1;
				DEVELOPMENT_TEAM = G9JXCB7X2L;
				GENERATE_INFOPLIST_FILE = YES;
				MARKETING_VERSION = 1.0;
				PRODUCT_BUNDLE_IDENTIFIER = com.KigyoClub.calculatorUITests;
				PRODUCT_NAME = "$(TARGET_NAME)";
				SWIFT_EMIT_LOC_STRINGS = NO;
				SWIFT_VERSION = 5.0;
				TARGETED_DEVICE_FAMILY = "1,2";
				TEST_TARGET_NAME = calculator;
			};
			name = Release;
		};
/* End XCBuildConfiguration section */

/* Begin XCConfigurationList section */
		73C5130D28F44ABD004D9181 /* Build configuration list for PBXProject "calculator" */ = {
			isa = XCConfigurationList;
			buildConfigurations = (
				73C5133A28F44AC0004D9181 /* Debug */,
				73C5133B28F44AC0004D9181 /* Release */,
			);
			defaultConfigurationIsVisible = 0;
			defaultConfigurationName = Release;
		};
		73C5133C28F44AC0004D9181 /* Build configuration list for PBXNativeTarget "calculator" */ = {
			isa = XCConfigurationList;
			buildConfigurations = (
				73C5133D28F44AC0004D9181 /* Debug */,
				73C5133E28F44AC0004D9181 /* Release */,
			);
			defaultConfigurationIsVisible = 0;
			defaultConfigurationName = Release;
		};
		73C5133F28F44AC0004D9181 /* Build configuration list for PBXNativeTarget "calculatorTests" */ = {
			isa = XCConfigurationList;
			buildConfigurations = (
				73C5134028F44AC0004D9181 /* Debug */,
				73C5134128F44AC0004D9181 /* Release */,
			);
			defaultConfigurationIsVisible = 0;
			defaultConfigurationName = Release;
		};
		73C5134228F44AC0004D9181 /* Build configuration list for PBXNativeTarget "calculatorUITests" */ = {
			isa = XCConfigurationList;
			buildConfigurations = (
				73C5134328F44AC0004D9181 /* Debug */,
				73C5134428F44AC0004D9181 /* Release */,
			);
			defaultConfigurationIsVisible = 0;
			defaultConfigurationName = Release;
		};
/* End XCConfigurationList section */
	};
	rootObject = 73C5130A28F44ABD004D9181 /* Project object */;
}
